PODS:
  - AFNetworking (3.1.0):
    - AFNetworking/NSURLSession (= 3.1.0)
    - AFNetworking/Reachability (= 3.1.0)
    - AFNetworking/Security (= 3.1.0)
    - AFNetworking/Serialization (= 3.1.0)
    - AFNetworking/UIKit (= 3.1.0)
  - AFNetworking/NSURLSession (3.1.0):
    - AFNetworking/Reachability
    - AFNetworking/Security
    - AFNetworking/Serialization
  - AFNetworking/Reachability (3.1.0)
  - AFNetworking/Security (3.1.0)
  - AFNetworking/Serialization (3.1.0)
  - AFNetworking/UIKit (3.1.0):
    - AFNetworking/NSURLSession
  - CHGAdapter (0.3.2):
    - DZNEmptyDataSet (~> 1.8.1)
  - DZNEmptyDataSet (1.8.1)
  - FMDB (2.7.2):
    - FMDB/standard (= 2.7.2)
  - FMDB/standard (2.7.2)
  - HappyDNS (0.3.14)
  - JCore (1.2.5)
  - JPush (3.1.1.1):
    - JCore (~> 1.2.5)
  - Mantle (2.1.0):
    - Mantle/extobjc (= 2.1.0)
  - Mantle/extobjc (2.1.0)
  - Masonry (1.1.0)
  - MBProgressHUD (1.0.0)
  - MJExtension (3.0.15)
  - MJRefresh (3.1.15.3)
  - Qiniu (7.2.4):
    - HappyDNS (~> 0.3)
  - SDWebImage (4.4.1):
    - SDWebImage/Core (= 4.4.1)
  - SDWebImage/Core (4.4.1)
  - SVProgressHUD (2.2.5)
  - WechatOpenSDK (1.8.2)
  - YYKit (1.0.9):
    - YYKit/no-arc (= 1.0.9)
  - YYKit/no-arc (1.0.9)

DEPENDENCIES:
  - AFNetworking (~> 3.1.0)
  - CHGAdapter (~> 0.3.2)
  - FMDB (~> 2.7.2)
  - JPush
  - Mantle
  - Masonry
  - MBProgressHUD (~> 1.0.0)
  - MJExtension (~> 3.0.11)
  - MJRefresh
  - Qiniu (~> 7.1)
  - SDWebImage
  - SVProgressHUD
  - WechatOpenSDK
  - YYKit

SPEC REPOS:
  https://github.com/cocoapods/specs.git:
    - AFNetworking
    - CHGAdapter
    - DZNEmptyDataSet
    - FMDB
    - HappyDNS
    - JCore
    - JPush
    - Mantle
    - Masonry
    - MBProgressHUD
    - MJExtension
    - MJRefresh
    - Qiniu
    - SDWebImage
    - SVProgressHUD
    - WechatOpenSDK
    - YYKit

SPEC CHECKSUMS:
  AFNetworking: 5e0e199f73d8626b11e79750991f5d173d1f8b67
  CHGAdapter: b6b12aa7b986022b9cd8644cf8f0cab704db3cb7
  DZNEmptyDataSet: 9525833b9e68ac21c30253e1d3d7076cc828eaa7
  FMDB: 6198a90e7b6900cfc046e6bc0ef6ebb7be9236aa
  HappyDNS: dc6a164ee81979093123c241c6353bcf0218add6
  JCore: 14706de2640b25fb77dbd02332696491407f37c9
  JPush: 25dd9013fbe106082c14f9f30a82364ee98852fb
  Mantle: 2fa750afa478cd625a94230fbf1c13462f29395b
  Masonry: 678fab65091a9290e40e2832a55e7ab731aad201
  MBProgressHUD: 4890f671c94e8a0f3cf959aa731e9de2f036d71a
  MJExtension: 3f039575db1b135a20699ad298713b26acec1528
  MJRefresh: b48380ae2b927b46c4ef000de9adb8dc748e1df7
  Qiniu: 65384bca1cdb0480a68d9b9b8f54db53418c0355
  SDWebImage: 47e9b5b925cbce75946c23f0c42dd19464189af4
  SVProgressHUD: 1428aafac632c1f86f62aa4243ec12008d7a51d6
  WechatOpenSDK: 676feec516a11173eafd1fe64b10d27babf28701
  YYKit: 7cda43304a8dc3696c449041e2cb3107b4e236e7

PODFILE CHECKSUM: 67c9462399966ad5f7602c15301444b030cbf06f

COCOAPODS: 1.5.3
